
Microsoft Visual Studio Solution File, Format Version 12.00
# Visual Studio Version 17
VisualStudioVersion = 17.4.33205.214
MinimumVisualStudioVersion = 10.0.40219.1
Project("{9A19103F-16F7-4668-BE54-9A1E7A4F7556}") = "ActualizacionSignTool", "ActualizacionSignTool.csproj", "{F6D32958-1C8C-4111-8EA4-6179FE95DFF9}"
EndProject
Global
	GlobalSection(SolutionConfigurationPlatforms) = preSolution
		Debug|Any CPU = Debug|Any CPU
		Release|Any CPU = Release|Any CPU
	EndGlobalSection
	GlobalSection(ProjectConfigurationPlatforms) = postSolution
		{F6D32958-1C8C-4111-8EA4-6179FE95DFF9}.Debug|Any CPU.ActiveCfg = Debug|Any CPU
		{F6D32958-1C8C-4111-8EA4-6179FE95DFF9}.Debug|Any CPU.Build.0 = Debug|Any CPU
		{F6D32958-1C8C-4111-8EA4-6179FE95DFF9}.Release|Any CPU.ActiveCfg = Release|Any CPU
		{F6D32958-1C8C-4111-8EA4-6179FE95DFF9}.Release|Any CPU.Build.0 = Release|Any CPU
	EndGlobalSection
	GlobalSection(SolutionProperties) = preSolution
		HideSolutionNode = FALSE
	EndGlobalSection
	GlobalSection(ExtensibilityGlobals) = postSolution
		SolutionGuid = {7C6FCCC1-87CB-440F-88EB-DF80B9849F07}
	EndGlobalSection
EndGlobal
